PODS:
  - Bolts (1.8.4):
    - Bolts/AppLinks (= 1.8.4)
    - Bolts/Tasks (= 1.8.4)
  - Bolts/AppLinks (1.8.4):
    - Bolts/Tasks
  - Bolts/Tasks (1.8.4)
  - Crashlytics (3.7.3):
    - Fabric (~> 1.6.3)
  - Digits (2.3.0):
    - TwitterCore (= 2.3.0)
  - Fabric (1.6.8)
  - FacebookCore (0.1.1):
    - Bolts (~> 1.8)
    - FBSDKCoreKit (~> 4.14)
  - FacebookLogin (0.1.1):
    - Bolts (~> 1.8)
    - FacebookCore
    - FBSDKCoreKit (~> 4.14)
    - FBSDKLoginKit (~> 4.14)
  - FacebookShare (0.1.1):
    - Bolts (~> 1.8)
    - FacebookCore
    - FBSDKCoreKit (~> 4.14)
    - FBSDKShareKit (~> 4.14)
  - FBAudienceNetwork (4.14.0)
  - FBSDKCoreKit (4.14.0):
    - Bolts (~> 1.7)
  - FBSDKLoginKit (4.14.0):
    - FBSDKCoreKit
  - FBSDKShareKit (4.14.0):
    - FBSDKCoreKit
  - GA-SDK-IOS (2.2.3)
  - LaunchKit (2.1.4):
    - LaunchKit/LaunchKit (= 2.1.4)
  - LaunchKit/LaunchKit (2.1.4)
  - mopub-ios-sdk (4.8.0):
    - mopub-ios-sdk/MoPubSDK (= 4.8.0)
  - mopub-ios-sdk/MoPubSDK (4.8.0)
  - QuadratTouch (1.1.1)
  - Realm (1.0.2):
    - Realm/Headers (= 1.0.2)
  - Realm/Headers (1.0.2)
  - RealmSwift (1.0.2):
    - Realm (= 1.0.2)
  - SpeechKit (2.1.7)
  - TwitterCore (2.3.0):
    - Fabric
  - TwitterKit (2.3.0):
    - TwitterCore (= 2.3.0)

DEPENDENCIES:
  - Crashlytics
  - Digits
  - Fabric
  - FacebookCore
  - FacebookLogin
  - FacebookShare
  - FBAudienceNetwork
  - GA-SDK-IOS
  - LaunchKit
  - mopub-ios-sdk
  - QuadratTouch (>= 1.0)
  - RealmSwift
  - SpeechKit
  - TwitterCore
  - TwitterKit

SPEC CHECKSUMS:
  Bolts: 8a7995239dbe724f9cba2248b766d48b7ebdd322
  Crashlytics: 76f6beaff70acf226139582c09c78461597c2b98
  Digits: af82d24ec38035cc555b60f55cca5abc68a76bed
  Fabric: 5755268d0171435ab167e3d0878a28a777deaf10
  FacebookCore: 14f27add6888c27470d42a100374e6361f4e0f79
  FacebookLogin: 748f4e621e874da3e0bf63bccf6fd1542c786a1b
  FacebookShare: ea0370ca0b914eccc42a753abcd937265c17b030
  FBAudienceNetwork: 483340b42f239d560cd3caf781e4ed35023ff724
  FBSDKCoreKit: 6e020b5db0b5bd1e01f5fb0902131befd129a502
  FBSDKLoginKit: da563567a108050ef83739c8c8c001ee9e25fa13
  FBSDKShareKit: e8e5d4ccef69b41132fe33acda26db1e33143e33
  GA-SDK-IOS: 30356218fa6fbfb6c8f327cf508c83bbca1ec205
  LaunchKit: 95ad4fb171a0f8ea1c80aa26d4fb7bd637788f9c
  mopub-ios-sdk: 7cadaad18d175261df34969a81e78b05b47d9c7d
  QuadratTouch: 296d83c63a4328f6f40af9fc728fe24f0e3b00d4
  Realm: 9d5c46a4d7d27958530a8dfc58f63a99e5c2cba3
  RealmSwift: 82f3ac5e24530143dddfde2033acc0d308f27d96
  SpeechKit: 62717350ae29e7002a8ac35970ce92dccf2d1b71
  TwitterCore: 817eae3e291fa4125b47789e26a4f6f024115c1f
  TwitterKit: 8a383da8d9c21b0423716381ea8bbfce20622d91

PODFILE CHECKSUM: 21196d01f10284c05d91082a286b0e9a7026afec

COCOAPODS: 1.0.0.beta.5
